// !$*UTF8*$!
{
	archiveVersion = 1;
	classes = {
	};
	objectVersion = 77;
	objects = {

/* Begin PBXContainerItemProxy section */
		5EA91E8E2E13F0C4002714AD /* PBXContainerItemProxy */ = {
			isa = PBXContainerItemProxy;
			containerPortal = 5EA91E772E13F0C2002714AD /* Project object */;
			proxyType = 1;
			remoteGlobalIDString = 5EA91E7E2E13F0C2002714AD;
			remoteInfo = karen;
		};
		5EA91E982E13F0C4002714AD /* PBXContainerItemProxy */ = {
			isa = PBXContainerItemProxy;
			containerPortal = 5EA91E772E13F0C2002714AD /* Project object */;
			proxyType = 1;
			remoteGlobalIDString = 5EA91E7E2E13F0C2002714AD;
			remoteInfo = karen;
		};
/* End PBXContainerItemProxy section */

/* Begin PBXFileReference section */
		5EA91E7F2E13F0C2002714AD /* karen.app */ = {isa = PBXFileReference; explicitFileType = wrapper.application; includeInIndex = 0; path = karen.app; sourceTree = BUILT_PRODUCTS_DIR; };
		5EA91E8D2E13F0C4002714AD /* karenTests.xctest */ = {isa = PBXFileReference; explicitFileType = wrapper.cfbundle; includeInIndex = 0; path = karenTests.xctest; sourceTree = BUILT_PRODUCTS_DIR; };
		5EA91E972E13F0C4002714AD /* karenUITests.xctest */ = {isa = PBXFileReference; explicitFileType = wrapper.cfbundle; includeInIndex = 0; path = karenUITests.xctest; sourceTree = BUILT_PRODUCTS_DIR; };
/* End PBXFileReference section */

/* Begin PBXFileSystemSynchronizedRootGroup section */
		5EA91E812E13F0C2002714AD /* karen */ = {
			isa = PBXFileSystemSynchronizedRootGroup;
			path = karen;
			sourceTree = "<group>";
		};
		5EA91E902E13F0C4002714AD /* karenTests */ = {
			isa = PBXFileSystemSynchronizedRootGroup;
			path = karenTests;
			sourceTree = "<group>";
		};
		5EA91E9A2E13F0C4002714AD /* karenUITests */ = {
			isa = PBXFileSystemSynchronizedRootGroup;
			path = karenUITests;
			sourceTree = "<group>";
		};
/* End PBXFileSystemSynchronizedRootGroup section */

/* Begin PBXFrameworksBuildPhase section */
		5EA91E7C2E13F0C2002714AD /* Frameworks */ = {
			isa = PBXFrameworksBuildPhase;
			buildActionMask = 2147483647;
			files = (
			);
			runOnlyForDeploymentPostprocessing = 0;
		};
		5EA91E8A2E13F0C4002714AD /* Frameworks */ = {
			isa = PBXFrameworksBuildPhase;
			buildActionMask = 2147483647;
			files = (
			);
			runOnlyForDeploymentPostprocessing = 0;
		};
		5EA91E942E13F0C4002714AD /* Frameworks */ = {
			isa = PBXFrameworksBuildPhase;
			buildActionMask = 2147483647;
			files = (
			);
			runOnlyForDeploymentPostprocessing = 0;
		};
/* End PBXFrameworksBuildPhase section */

/* Begin PBXGroup section */
		5EA91E762E13F0C2002714AD = {
			isa = PBXGroup;
			children = (
				5EA91E812E13F0C2002714AD /* karen */,
				5EA91E902E13F0C4002714AD /* karenTests */,
				5EA91E9A2E13F0C4002714AD /* karenUITests */,
				5EA91E802E13F0C2002714AD /* Products */,
			);
			sourceTree = "<group>";
		};
		5EA91E802E13F0C2002714AD /* Products */ = {
			isa = PBXGroup;
			children = (
				5EA91E7F2E13F0C2002714AD /* karen.app */,
				5EA91E8D2E13F0C4002714AD /* karenTests.xctest */,
				5EA91E972E13F0C4002714AD /* karenUITests.xctest */,
			);
			name = Products;
			sourceTree = "<group>";
		};
/* End PBXGroup section */

/* Begin PBXNativeTarget section */
		5EA91E7E2E13F0C2002714AD /* karen */ = {
			isa = PBXNativeTarget;
			buildConfigurationList = 5EA91EA12E13F0C4002714AD /* Build configuration list for PBXNativeTarget "karen" */;
			buildPhases = (
				5EA91E7B2E13F0C2002714AD /* Sources */,
				5EA91E7C2E13F0C2002714AD /* Frameworks */,
				5EA91E7D2E13F0C2002714AD /* Resources */,
				5EA91EAA2E13F0C4002714AD /* Build Backend */,
			);
			buildRules = (
			);
			dependencies = (
			);
			fileSystemSynchronizedGroups = (
				5EA91E812E13F0C2002714AD /* karen */,
			);
			name = karen;
			packageProductDependencies = (
			);
			productName = karen;
			productReference = 5EA91E7F2E13F0C2002714AD /* karen.app */;
			productType = "com.apple.product-type.application";
		};
		5EA91E8C2E13F0C4002714AD /* karenTests */ = {
			isa = PBXNativeTarget;
			buildConfigurationList = 5EA91EA42E13F0C4002714AD /* Build configuration list for PBXNativeTarget "karenTests" */;
			buildPhases = (
				5EA91E892E13F0C4002714AD /* Sources */,
				5EA91E8A2E13F0C4002714AD /* Frameworks */,
				5EA91E8B2E13F0C4002714AD /* Resources */,
			);
			buildRules = (
			);
			dependencies = (
				5EA91E8F2E13F0C4002714AD /* PBXTargetDependency */,
			);
			fileSystemSynchronizedGroups = (
				5EA91E902E13F0C4002714AD /* karenTests */,
			);
			name = karenTests;
			packageProductDependencies = (
			);
			productName = karenTests;
			productReference = 5EA91E8D2E13F0C4002714AD /* karenTests.xctest */;
			productType = "com.apple.product-type.bundle.unit-test";
		};
		5EA91E962E13F0C4002714AD /* karenUITests */ = {
			isa = PBXNativeTarget;
			buildConfigurationList = 5EA91EA72E13F0C4002714AD /* Build configuration list for PBXNativeTarget "karenUITests" */;
			buildPhases = (
				5EA91E932E13F0C4002714AD /* Sources */,
				5EA91E942E13F0C4002714AD /* Frameworks */,
				5EA91E952E13F0C4002714AD /* Resources */,
			);
			buildRules = (
			);
			dependencies = (
				5EA91E992E13F0C4002714AD /* PBXTargetDependency */,
			);
			fileSystemSynchronizedGroups = (
				5EA91E9A2E13F0C4002714AD /* karenUITests */,
			);
			name = karenUITests;
			packageProductDependencies = (
			);
			productName = karenUITests;
			productReference = 5EA91E972E13F0C4002714AD /* karenUITests.xctest */;
			productType = "com.apple.product-type.bundle.ui-testing";
		};
/* End PBXNativeTarget section */

/* Begin PBXProject section */
		5EA91E772E13F0C2002714AD /* Project object */ = {
			isa = PBXProject;
			attributes = {
				BuildIndependentTargetsInParallel = 1;
				LastSwiftUpdateCheck = 1640;
				LastUpgradeCheck = 1640;
				TargetAttributes = {
					5EA91E7E2E13F0C2002714AD = {
						CreatedOnToolsVersion = 16.4;
					};
					5EA91E8C2E13F0C4002714AD = {
						CreatedOnToolsVersion = 16.4;
						TestTargetID = 5EA91E7E2E13F0C2002714AD;
					};
					5EA91E962E13F0C4002714AD = {
						CreatedOnToolsVersion = 16.4;
						TestTargetID = 5EA91E7E2E13F0C2002714AD;
					};
				};
			};
			buildConfigurationList = 5EA91E7A2E13F0C2002714AD /* Build configuration list for PBXProject "karen" */;
			developmentRegion = en;
			hasScannedForEncodings = 0;
			knownRegions = (
				en,
				Base,
			);
			mainGroup = 5EA91E762E13F0C2002714AD;
			minimizedProjectReferenceProxies = 1;
			preferredProjectObjectVersion = 77;
			productRefGroup = 5EA91E802E13F0C2002714AD /* Products */;
			projectDirPath = "";
			projectRoot = "";
			targets = (
				5EA91E7E2E13F0C2002714AD /* karen */,
				5EA91E8C2E13F0C4002714AD /* karenTests */,
				5EA91E962E13F0C4002714AD /* karenUITests */,
			);
		};
/* End PBXProject section */

/* Begin PBXResourcesBuildPhase section */
		5EA91E7D2E13F0C2002714AD /* Resources */ = {
			isa = PBXResourcesBuildPhase;
			buildActionMask = 2147483647;
			files = (
			);
			runOnlyForDeploymentPostprocessing = 0;
		};
		5EA91E8B2E13F0C4002714AD /* Resources */ = {
			isa = PBXResourcesBuildPhase;
			buildActionMask = 2147483647;
			files = (
			);
			runOnlyForDeploymentPostprocessing = 0;
		};
		5EA91E952E13F0C4002714AD /* Resources */ = {
			isa = PBXResourcesBuildPhase;
			buildActionMask = 2147483647;
			files = (
			);
			runOnlyForDeploymentPostprocessing = 0;
		};
/* End PBXResourcesBuildPhase section */

/* Begin PBXShellScriptBuildPhase section */
		5EA91EAA2E13F0C4002714AD /* Build Backend */ = {
			isa = PBXShellScriptBuildPhase;
			buildActionMask = 2147483647;
			files = (
			);
			inputFileListPaths = (
			);
			inputPaths = (
			);
			name = "Build Backend";
			outputFileListPaths = (
			);
			outputPaths = (
			);
			runOnlyForDeploymentPostprocessing = 0;
			shellPath = /bin/bash;
			shellScript = "set -euo pipefail\n\"${PROJECT_DIR}/backend/build_backend.sh\"\n\n# Copy into the .app bundle's Resources\ncp \"${PROJECT_DIR}/backend/dist/karen_backend\" \\\n   \"${BUILT_PRODUCTS_DIR}/${CONTENTS_FOLDER_PATH}/Resources/\"\nchmod +x \"${BUILT_PRODUCTS_DIR}/${CONTENTS_FOLDER_PATH}/Resources/karen_backend\"\n";
		};
/* End PBXShellScriptBuildPhase section */

/* Begin PBXSourcesBuildPhase section */
		5EA91E7B2E13F0C2002714AD /* Sources */ = {
			isa = PBXSourcesBuildPhase;
			buildActionMask = 2147483647;
			files = (
			);
			runOnlyForDeploymentPostprocessing = 0;
		};
		5EA91E892E13F0C4002714AD /* Sources */ = {
			isa = PBXSourcesBuildPhase;
			buildActionMask = 2147483647;
			files = (
			);
			runOnlyForDeploymentPostprocessing = 0;
		};
		5EA91E932E13F0C4002714AD /* Sources */ = {
			isa = PBXSourcesBuildPhase;
			buildActionMask = 2147483647;
			files = (
			);
			runOnlyForDeploymentPostprocessing = 0;
		};
/* End PBXSourcesBuildPhase section */

/* Begin PBXTargetDependency section */
		5EA91E8F2E13F0C4002714AD /* PBXTargetDependency */ = {
			isa = PBXTargetDependency;
			target = 5EA91E7E2E13F0C2002714AD /* karen */;
			targetProxy = 5EA91E8E2E13F0C4002714AD /* PBXContainerItemProxy */;
		};
		5EA91E992E13F0C4002714AD /* PBXTargetDependency */ = {
			isa = PBXTargetDependency;
			target = 5EA91E7E2E13F0C2002714AD /* karen */;
			targetProxy = 5EA91E982E13F0C4002714AD /* PBXContainerItemProxy */;
		};
/* End PBXTargetDependency section */

/* Begin XCBuildConfiguration section */
		5EA91E9F2E13F0C4002714AD /* Debug */ = {
			isa = XCBuildConfiguration;
			buildSettings = {
				ALWAYS_SEARCH_USER_PATHS = NO;
				ASSETCATALOG_COMPILER_GENERATE_SWIFT_ASSET_SYMBOL_EXTENSIONS = YES;
				CLANG_ANALYZER_NONNULL = YES;
				CLANG_ANALYZER_NUMBER_OBJECT_CONVERSION = YES_AGGRESSIVE;
				CLANG_CXX_LANGUAGE_STANDARD = "gnu++20";
				CLANG_ENABLE_MODULES = YES;
				CLANG_ENABLE_OBJC_ARC = YES;
				CLANG_ENABLE_OBJC_WEAK = YES;
				CLANG_WARN_BLOCK_CAPTURE_AUTORELEASING = YES;
				CLANG_WARN_BOOL_CONVERSION = YES;
				CLANG_WARN_COMMA = YES;
				CLANG_WARN_CONSTANT_CONVERSION = YES;
				CLANG_WARN_DEPRECATED_OBJC_IMPLEMENTATIONS = YES;
				CLANG_WARN_DIRECT_OBJC_ISA_USAGE = YES_ERROR;
				CLANG_WARN_DOCUMENTATION_COMMENTS = YES;
				CLANG_WARN_EMPTY_BODY = YES;
				CLANG_WARN_ENUM_CONVERSION = YES;
				CLANG_WARN_INFINITE_RECURSION = YES;
				CLANG_WARN_INT_CONVERSION = YES;
				CLANG_WARN_NON_LITERAL_NULL_CONVERSION = YES;
				CLANG_WARN_OBJC_IMPLICIT_RETAIN_SELF = YES;
				CLANG_WARN_OBJC_LITERAL_CONVERSION = YES;
				CLANG_WARN_OBJC_ROOT_CLASS = YES_ERROR;
				CLANG_WARN_QUOTED_INCLUDE_IN_FRAMEWORK_HEADER = YES;
				CLANG_WARN_RANGE_LOOP_ANALYSIS = YES;
				CLANG_WARN_STRICT_PROTOTYPES = YES;
				CLANG_WARN_SUSPICIOUS_MOVE = YES;
				CLANG_WARN_UNGUARDED_AVAILABILITY = YES_AGGRESSIVE;
				CLANG_WARN_UNREACHABLE_CODE = YES;
				CLANG_WARN__DUPLICATE_METHOD_MATCH = YES;
				COPY_PHASE_STRIP = NO;
				DEBUG_INFORMATION_FORMAT = dwarf;
				DEVELOPMENT_TEAM = RZZWJ233AG;
				ENABLE_STRICT_OBJC_MSGSEND = YES;
				ENABLE_TESTABILITY = YES;
				ENABLE_USER_SCRIPT_SANDBOXING = NO;
				GCC_C_LANGUAGE_STANDARD = gnu17;
				GCC_DYNAMIC_NO_PIC = NO;
				GCC_NO_COMMON_BLOCKS = YES;
				GCC_OPTIMIZATION_LEVEL = 0;
				GCC_PREPROCESSOR_DEFINITIONS = (
					"DEBUG=1",
					"$(inherited)",
				);
				GCC_WARN_64_TO_32_BIT_CONVERSION = YES;
				GCC_WARN_ABOUT_RETURN_TYPE = YES_ERROR;
				GCC_WARN_UNDECLARED_SELECTOR = YES;
				GCC_WARN_UNINITIALIZED_AUTOS = YES_AGGRESSIVE;
				GCC_WARN_UNUSED_FUNCTION = YES;
				GCC_WARN_UNUSED_VARIABLE = YES;
				LOCALIZATION_PREFERS_STRING_CATALOGS = YES;
				MACOSX_DEPLOYMENT_TARGET = 15.4;
				MTL_ENABLE_DEBUG_INFO = INCLUDE_SOURCE;
				MTL_FAST_MATH = YES;
				ONLY_ACTIVE_ARCH = YES;
				SDKROOT = macosx;
				SWIFT_ACTIVE_COMPILATION_CONDITIONS = "DEBUG $(inherited)";
				SWIFT_OPTIMIZATION_LEVEL = "-Onone";
			};
			name = Debug;
		};
		5EA91EA02E13F0C4002714AD /* Release */ = {
			isa = XCBuildConfiguration;
			buildSettings = {
				ALWAYS_SEARCH_USER_PATHS = NO;
				ASSETCATALOG_COMPILER_GENERATE_SWIFT_ASSET_SYMBOL_EXTENSIONS = YES;
				CLANG_ANALYZER_NONNULL = YES;
				CLANG_ANALYZER_NUMBER_OBJECT_CONVERSION = YES_AGGRESSIVE;
				CLANG_CXX_LANGUAGE_STANDARD = "gnu++20";
				CLANG_ENABLE_MODULES = YES;
				CLANG_ENABLE_OBJC_ARC = YES;
				CLANG_ENABLE_OBJC_WEAK = YES;
				CLANG_WARN_BLOCK_CAPTURE_AUTORELEASING = YES;
				CLANG_WARN_BOOL_CONVERSION = YES;
				CLANG_WARN_COMMA = YES;
				CLANG_WARN_CONSTANT_CONVERSION = YES;
				CLANG_WARN_DEPRECATED_OBJC_IMPLEMENTATIONS = YES;
				CLANG_WARN_DIRECT_OBJC_ISA_USAGE = YES_ERROR;
				CLANG_WARN_DOCUMENTATION_COMMENTS = YES;
				CLANG_WARN_EMPTY_BODY = YES;
				CLANG_WARN_ENUM_CONVERSION = YES;
				CLANG_WARN_INFINITE_RECURSION = YES;
				CLANG_WARN_INT_CONVERSION = YES;
				CLANG_WARN_NON_LITERAL_NULL_CONVERSION = YES;
				CLANG_WARN_OBJC_IMPLICIT_RETAIN_SELF = YES;
				CLANG_WARN_OBJC_LITERAL_CONVERSION = YES;
				CLANG_WARN_OBJC_ROOT_CLASS = YES_ERROR;
				CLANG_WARN_QUOTED_INCLUDE_IN_FRAMEWORK_HEADER = YES;
				CLANG_WARN_RANGE_LOOP_ANALYSIS = YES;
				CLANG_WARN_STRICT_PROTOTYPES = YES;
				CLANG_WARN_SUSPICIOUS_MOVE = YES;
				CLANG_WARN_UNGUARDED_AVAILABILITY = YES_AGGRESSIVE;
				CLANG_WARN_UNREACHABLE_CODE = YES;
				CLANG_WARN__DUPLICATE_METHOD_MATCH = YES;
				COPY_PHASE_STRIP = NO;
				DEBUG_INFORMATION_FORMAT = "dwarf-with-dsym";
				DEVELOPMENT_TEAM = RZZWJ233AG;
				ENABLE_NS_ASSERTIONS = NO;
				ENABLE_STRICT_OBJC_MSGSEND = YES;
				ENABLE_USER_SCRIPT_SANDBOXING = NO;
				GCC_C_LANGUAGE_STANDARD = gnu17;
				GCC_NO_COMMON_BLOCKS = YES;
				GCC_WARN_64_TO_32_BIT_CONVERSION = YES;
				GCC_WARN_ABOUT_RETURN_TYPE = YES_ERROR;
				GCC_WARN_UNDECLARED_SELECTOR = YES;
				GCC_WARN_UNINITIALIZED_AUTOS = YES_AGGRESSIVE;
				GCC_WARN_UNUSED_FUNCTION = YES;
				GCC_WARN_UNUSED_VARIABLE = YES;
				LOCALIZATION_PREFERS_STRING_CATALOGS = YES;
				MACOSX_DEPLOYMENT_TARGET = 15.4;
				MTL_ENABLE_DEBUG_INFO = NO;
				MTL_FAST_MATH = YES;
				SDKROOT = macosx;
				SWIFT_COMPILATION_MODE = wholemodule;
			};
			name = Release;
		};
		5EA91EA22E13F0C4002714AD /* Debug */ = {
			isa = XCBuildConfiguration;
			buildSettings = {
				ASSETCATALOG_COMPILER_APPICON_NAME = AppIcon;
				ASSETCATALOG_COMPILER_GLOBAL_ACCENT_COLOR_NAME = AccentColor;
				CODE_SIGN_ENTITLEMENTS = karen/karen.entitlements;
				CODE_SIGN_STYLE = Automatic;
				COMBINE_HIDPI_IMAGES = YES;
				CURRENT_PROJECT_VERSION = 1;
				DEVELOPMENT_TEAM = RZZWJ233AG;
				ENABLE_HARDENED_RUNTIME = YES;
				ENABLE_PREVIEWS = YES;
				GENERATE_INFOPLIST_FILE = YES;
				INFOPLIST_KEY_CFBundleDisplayName = Karen;
				INFOPLIST_KEY_NSHumanReadableCopyright = "";
				LD_RUNPATH_SEARCH_PATHS = (
					"$(inherited)",
					"@executable_path/../Frameworks",
				);
				MARKETING_VERSION = 1.0;
				PRODUCT_BUNDLE_IDENTIFIER = com.arrowsmithlabs.karen;
				PRODUCT_NAME = "$(TARGET_NAME)";
				REGISTER_APP_GROUPS = YES;
				SWIFT_EMIT_LOC_STRINGS = YES;
				SWIFT_VERSION = 5.0;
			};
			name = Debug;
		};
		5EA91EA32E13F0C4002714AD /* Release */ = {
			isa = XCBuildConfiguration;
			buildSettings = {
				ASSETCATALOG_COMPILER_APPICON_NAME = AppIcon;
				ASSETCATALOG_COMPILER_GLOBAL_ACCENT_COLOR_NAME = AccentColor;
				CODE_SIGN_ENTITLEMENTS = karen/karen.entitlements;
				CODE_SIGN_STYLE = Automatic;
				COMBINE_HIDPI_IMAGES = YES;
				CURRENT_PROJECT_VERSION = 1;
				DEVELOPMENT_TEAM = RZZWJ233AG;
				ENABLE_HARDENED_RUNTIME = YES;
				ENABLE_PREVIEWS = YES;
				GENERATE_INFOPLIST_FILE = YES;
				INFOPLIST_KEY_CFBundleDisplayName = Karen;
				INFOPLIST_KEY_NSHumanReadableCopyright = "";
				LD_RUNPATH_SEARCH_PATHS = (
					"$(inherited)",
					"@executable_path/../Frameworks",
				);
				MARKETING_VERSION = 1.0;
				PRODUCT_BUNDLE_IDENTIFIER = com.arrowsmithlabs.karen;
				PRODUCT_NAME = "$(TARGET_NAME)";
				REGISTER_APP_GROUPS = YES;
				SWIFT_EMIT_LOC_STRINGS = YES;
				SWIFT_VERSION = 5.0;
			};
			name = Release;
		};
		5EA91EA52E13F0C4002714AD /* Debug */ = {
			isa = XCBuildConfiguration;
			buildSettings = {
				BUNDLE_LOADER = "$(TEST_HOST)";
				CODE_SIGN_STYLE = Automatic;
				CURRENT_PROJECT_VERSION = 1;
				DEVELOPMENT_TEAM = RZZWJ233AG;
				GENERATE_INFOPLIST_FILE = YES;
				MACOSX_DEPLOYMENT_TARGET = 15.4;
				MARKETING_VERSION = 1.0;
				PRODUCT_BUNDLE_IDENTIFIER = com.arrowsmithlabs.karenTests;
				PRODUCT_NAME = "$(TARGET_NAME)";
				SWIFT_EMIT_LOC_STRINGS = NO;
				SWIFT_VERSION = 5.0;
				TEST_HOST = "$(BUILT_PRODUCTS_DIR)/karen.app/$(BUNDLE_EXECUTABLE_FOLDER_PATH)/karen";
			};
			name = Debug;
		};
		5EA91EA62E13F0C4002714AD /* Release */ = {
			isa = XCBuildConfiguration;
			buildSettings = {
				BUNDLE_LOADER = "$(TEST_HOST)";
				CODE_SIGN_STYLE = Automatic;
				CURRENT_PROJECT_VERSION = 1;
				DEVELOPMENT_TEAM = RZZWJ233AG;
				GENERATE_INFOPLIST_FILE = YES;
				MACOSX_DEPLOYMENT_TARGET = 15.4;
				MARKETING_VERSION = 1.0;
				PRODUCT_BUNDLE_IDENTIFIER = com.arrowsmithlabs.karenTests;
				PRODUCT_NAME = "$(TARGET_NAME)";
				SWIFT_EMIT_LOC_STRINGS = NO;
				SWIFT_VERSION = 5.0;
				TEST_HOST = "$(BUILT_PRODUCTS_DIR)/karen.app/$(BUNDLE_EXECUTABLE_FOLDER_PATH)/karen";
			};
			name = Release;
		};
		5EA91EA82E13F0C4002714AD /* Debug */ = {
			isa = XCBuildConfiguration;
			buildSettings = {
				CODE_SIGN_STYLE = Automatic;
				CURRENT_PROJECT_VERSION = 1;
				DEVELOPMENT_TEAM = RZZWJ233AG;
				GENERATE_INFOPLIST_FILE = YES;
				MARKETING_VERSION = 1.0;
				PRODUCT_BUNDLE_IDENTIFIER = com.arrowsmithlabs.karenUITests;
				PRODUCT_NAME = "$(TARGET_NAME)";
				SWIFT_EMIT_LOC_STRINGS = NO;
				SWIFT_VERSION = 5.0;
				TEST_TARGET_NAME = karen;
			};
			name = Debug;
		};
		5EA91EA92E13F0C4002714AD /* Release */ = {
			isa = XCBuildConfiguration;
			buildSettings = {
				CODE_SIGN_STYLE = Automatic;
				CURRENT_PROJECT_VERSION = 1;
				DEVELOPMENT_TEAM = RZZWJ233AG;
				GENERATE_INFOPLIST_FILE = YES;
				MARKETING_VERSION = 1.0;
				PRODUCT_BUNDLE_IDENTIFIER = com.arrowsmithlabs.karenUITests;
				PRODUCT_NAME = "$(TARGET_NAME)";
				SWIFT_EMIT_LOC_STRINGS = NO;
				SWIFT_VERSION = 5.0;
				TEST_TARGET_NAME = karen;
			};
			name = Release;
		};
/* End XCBuildConfiguration section */

/* Begin XCConfigurationList section */
		5EA91E7A2E13F0C2002714AD /* Build configuration list for PBXProject "karen" */ = {
			isa = XCConfigurationList;
			buildConfigurations = (
				5EA91E9F2E13F0C4002714AD /* Debug */,
				5EA91EA02E13F0C4002714AD /* Release */,
			);
			defaultConfigurationIsVisible = 0;
			defaultConfigurationName = Release;
		};
		5EA91EA12E13F0C4002714AD /* Build configuration list for PBXNativeTarget "karen" */ = {
			isa = XCConfigurationList;
			buildConfigurations = (
				5EA91EA22E13F0C4002714AD /* Debug */,
				5EA91EA32E13F0C4002714AD /* Release */,
			);
			defaultConfigurationIsVisible = 0;
			defaultConfigurationName = Release;
		};
		5EA91EA42E13F0C4002714AD /* Build configuration list for PBXNativeTarget "karenTests" */ = {
			isa = XCConfigurationList;
			buildConfigurations = (
				5EA91EA52E13F0C4002714AD /* Debug */,
				5EA91EA62E13F0C4002714AD /* Release */,
			);
			defaultConfigurationIsVisible = 0;
			defaultConfigurationName = Release;
		};
		5EA91EA72E13F0C4002714AD /* Build configuration list for PBXNativeTarget "karenUITests" */ = {
			isa = XCConfigurationList;
			buildConfigurations = (
				5EA91EA82E13F0C4002714AD /* Debug */,
				5EA91EA92E13F0C4002714AD /* Release */,
			);
			defaultConfigurationIsVisible = 0;
			defaultConfigurationName = Release;
		};
/* End XCConfigurationList section */
	};
	rootObject = 5EA91E772E13F0C2002714AD /* Project object */;
}
